# This file is automatically @generated by Poetry 2.1.2 and should not be changed by hand.

[[package]]
name = "zeroc-ice"
version = "3.7.10.1"
description = "Ice is a comprehensive RPC framework with support for Python, C++, .NET, Java, JavaScript and more."
optional = false
python-versions = "*"
groups = ["main"]
files = [
    {file = "zeroc_ice-3.7.10.1-cp311-cp311-macosx_14_0_arm64.whl", hash = "sha256:4f473f750b06f25f5ef2a74172597b2c57b1e43f6db1525550596b5980ed34f3"},
    {file = "zeroc_ice-3.7.10.1-cp311-cp311-win32.whl", hash = "sha256:df53e8c2354136e354c449f4f1acc32ca2acad5ce50f3aad0b8ef5308b14754e"},
    {file = "zeroc_ice-3.7.10.1-cp311-cp311-win_amd64.whl", hash = "sha256:e259d1464572d0ca6b527a02e8f2f95c094816f206f0e8fff0acf05d62081854"},
    {file = "zeroc_ice-3.7.10.1-cp312-cp312-macosx_14_0_arm64.whl", hash = "sha256:9412433e04585aa362e9291f28cd3fd1e811ea115991fdf68f9aa6aaadf8082a"},
    {file = "zeroc_ice-3.7.10.1-cp312-cp312-win32.whl", hash = "sha256:55b12926a6328664ea423bc0766c87dc7d293520d857438752bff5ab88c0e27f"},
    {file = "zeroc_ice-3.7.10.1-cp312-cp312-win_amd64.whl", hash = "sha256:85b0bc8d17ef765bdbba248af75cb013b2e7e03283fe100c2d8ff7cd3648f7fd"},
    {file = "zeroc_ice-3.7.10.1.tar.gz", hash = "sha256:b063aafda360df711f76945529bb541576f266be41e5d5a2dd77f5d320c18664"},
]

[metadata]
lock-version = "2.1"
python-versions = "^3.12"
content-hash = "0c07fad577f17e15f62801713ce5f17c69447fb642685d35d1d9efff10459b54"
